<?xml version="1.0" encoding="utf-8"?>
<Project ToolsVersion="16.0" xmlns="http://schemas.microsoft.com/developer/msbuild/2003">
  <ItemGroup>
    <ClCompile Include="F:\thu\database\database\ix\ix_handle.cpp">
      <Filter>Source Files</Filter>
    </ClCompile>
    <ClCompile Include="F:\thu\database\database\ix\ix_indexscan.cpp">
      <Filter>Source Files</Filter>
    </ClCompile>
    <ClCompile Include="F:\thu\database\database\ix\ix_manager.cpp">
      <Filter>Source Files</Filter>
    </ClCompile>
    <ClCompile Include="F:\thu\database\database\ix\utils.cpp">
      <Filter>Source Files</Filter>
    </ClCompile>
  </ItemGroup>
  <ItemGroup>
    <ClInclude Include="F:\thu\database\database\base.h">
      <Filter>Header Files</Filter>
    </ClInclude>
    <ClInclude Include="F:\thu\database\database\ix\ix.h">
      <Filter>Header Files</Filter>
    </ClInclude>
  </ItemGroup>
  <ItemGroup>
    <CustomBuild Include="F:\thu\database\database\ix\CMakeLists.txt" />
  </ItemGroup>
  <ItemGroup>
    <Filter Include="Header Files">
      <UniqueIdentifier>{91DCD795-F72C-3C64-B048-BB04974FA877}</UniqueIdentifier>
    </Filter>
    <Filter Include="Source Files">
      <UniqueIdentifier>{DEBB9B52-AE47-338A-BC5D-652B87AAFE7F}</UniqueIdentifier>
    </Filter>
  </ItemGroup>
</Project>
